Microsoft Visual Studio Solution File, Format Version 12.00
# Visual Studio Version 17
VisualStudioVersion = 17.5.2.0
MinimumVisualStudioVersion = 10.0.40219.1
Project("{FAE04EC0-301F-11D3-BF4B-00C04F79EFBC}") = "Propriedades metodos e construtores", "Propriedades metodos e construtores.csproj", "{CD97204F-B4F9-9263-0F01-D73F1CE69800}"
EndProject
Global
	GlobalSection(SolutionConfigurationPlatforms) = preSolution
		Debug|Any CPU = Debug|Any CPU
		Release|Any CPU = Release|Any CPU
	EndGlobalSection
	GlobalSection(ProjectConfigurationPlatforms) = postSolution
		{CD97204F-B4F9-9263-0F01-D73F1CE69800}.Debug|Any CPU.ActiveCfg = Debug|Any CPU
		{CD97204F-B4F9-9263-0F01-D73F1CE69800}.Debug|Any CPU.Build.0 = Debug|Any CPU
		{CD97204F-B4F9-9263-0F01-D73F1CE69800}.Release|Any CPU.ActiveCfg = Release|Any CPU
		{CD97204F-B4F9-9263-0F01-D73F1CE69800}.Release|Any CPU.Build.0 = Release|Any CPU
	EndGlobalSection
	GlobalSection(SolutionProperties) = preSolution
		HideSolutionNode = FALSE
	EndGlobalSection
	GlobalSection(ExtensibilityGlobals) = postSolution
		SolutionGuid = {3F40B453-7033-450A-BC05-409F10A0259F}
	EndGlobalSection
EndGlobal
